// !$*UTF8*$!
{
	archiveVersion = 1;
	classes = {
	};
	objectVersion = 46;
	objects = {

/* Begin PBXBuildFile section */
		5055F12B1B727CC300C04520 /* AppDelegate.swift in Sources */ = {isa = PBXBuildFile; fileRef = 5055F12A1B727CC300C04520 /* AppDelegate.swift */; };
		5055F12D1B727CC300C04520 /* ViewController.swift in Sources */ = {isa = PBXBuildFile; fileRef = 5055F12C1B727CC300C04520 /* ViewController.swift */; };
		5055F1301B727CC300C04520 /* Main.storyboard in Resources */ = {isa = PBXBuildFile; fileRef = 5055F12E1B727CC300C04520 /* Main.storyboard */; };
		5055F1321B727CC300C04520 /* Images.xcassets in Resources */ = {isa = PBXBuildFile; fileRef = 5055F1311B727CC300C04520 /* Images.xcassets */; };
		5055F1351B727CC300C04520 /* LaunchScreen.xib in Resources */ = {isa = PBXBuildFile; fileRef = 5055F1331B727CC300C04520 /* LaunchScreen.xib */; };
		5055F1411B727CC300C04520 /* FloatingMenuTests.swift in Sources */ = {isa = PBXBuildFile; fileRef = 5055F1401B727CC300C04520 /* FloatingMenuTests.swift */; };
		5055F14B1B727E0900C04520 /* FloatingButton.swift in Sources */ = {isa = PBXBuildFile; fileRef = 5055F14A1B727E0900C04520 /* FloatingButton.swift */; };
		5055F14D1B727FBD00C04520 /* UIColor+Colors.swift in Sources */ = {isa = PBXBuildFile; fileRef = 5055F14C1B727FBD00C04520 /* UIColor+Colors.swift */; };
		5055F14F1B728E0D00C04520 /* FloatingMenuController.swift in Sources */ = {isa = PBXBuildFile; fileRef = 5055F14E1B728E0D00C04520 /* FloatingMenuController.swift */; };
		505F49731B74514B00FA113B /* ButtonPress.swift in Sources */ = {isa = PBXBuildFile; fileRef = 505F49721B74514B00FA113B /* ButtonPress.swift */; };
/* End PBXBuildFile section */

/* Begin PBXContainerItemProxy section */
		5055F13B1B727CC300C04520 /* PBXContainerItemProxy */ = {
			isa = PBXContainerItemProxy;
			containerPortal = 5055F11D1B727CC300C04520 /* Project object */;
			proxyType = 1;
			remoteGlobalIDString = 5055F1241B727CC300C04520;
			remoteInfo = FloatingMenu;
		};
/* End PBXContainerItemProxy section */

/* Begin PBXFileReference section */
		5055F1251B727CC300C04520 /* FloatingMenu.app */ = {isa = PBXFileReference; explicitFileType = wrapper.application; includeInIndex = 0; path = FloatingMenu.app; sourceTree = BUILT_PRODUCTS_DIR; };
		5055F1291B727CC300C04520 /* Info.plist */ = {isa = PBXFileReference; lastKnownFileType = text.plist.xml; path = Info.plist; sourceTree = "<group>"; };
		5055F12A1B727CC300C04520 /* AppDelegate.swift */ = {isa = PBXFileReference; lastKnownFileType = sourcecode.swift; path = AppDelegate.swift; sourceTree = "<group>"; };
		5055F12C1B727CC300C04520 /* ViewController.swift */ = {isa = PBXFileReference; lastKnownFileType = sourcecode.swift; path = ViewController.swift; sourceTree = "<group>"; };
		5055F12F1B727CC300C04520 /* Base */ = {isa = PBXFileReference; lastKnownFileType = file.storyboard; name = Base; path = Base.lproj/Main.storyboard; sourceTree = "<group>"; };
		5055F1311B727CC300C04520 /* Images.xcassets */ = {isa = PBXFileReference; lastKnownFileType = folder.assetcatalog; path = Images.xcassets; sourceTree = "<group>"; };
		5055F1341B727CC300C04520 /* Base */ = {isa = PBXFileReference; lastKnownFileType = file.xib; name = Base; path = Base.lproj/LaunchScreen.xib; sourceTree = "<group>"; };
		5055F13A1B727CC300C04520 /* FloatingMenuTests.xctest */ = {isa = PBXFileReference; explicitFileType = wrapper.cfbundle; includeInIndex = 0; path = FloatingMenuTests.xctest; sourceTree = BUILT_PRODUCTS_DIR; };
		5055F13F1B727CC300C04520 /* Info.plist */ = {isa = PBXFileReference; lastKnownFileType = text.plist.xml; path = Info.plist; sourceTree = "<group>"; };
		5055F1401B727CC300C04520 /* FloatingMenuTests.swift */ = {isa = PBXFileReference; lastKnownFileType = sourcecode.swift; path = FloatingMenuTests.swift; sourceTree = "<group>"; };
		5055F14A1B727E0900C04520 /* FloatingButton.swift */ = {isa = PBXFileReference; fileEncoding = 4; lastKnownFileType = sourcecode.swift; path = FloatingButton.swift; sourceTree = "<group>"; };
		5055F14C1B727FBD00C04520 /* UIColor+Colors.swift */ = {isa = PBXFileReference; fileEncoding = 4; lastKnownFileType = sourcecode.swift; path = "UIColor+Colors.swift"; sourceTree = "<group>"; };
		5055F14E1B728E0D00C04520 /* FloatingMenuController.swift */ = {isa = PBXFileReference; fileEncoding = 4; lastKnownFileType = sourcecode.swift; path = FloatingMenuController.swift; sourceTree = "<group>"; };
		505F49721B74514B00FA113B /* ButtonPress.swift */ = {isa = PBXFileReference; fileEncoding = 4; lastKnownFileType = sourcecode.swift; path = ButtonPress.swift; sourceTree = "<group>"; };
/* End PBXFileReference section */

/* Begin PBXFrameworksBuildPhase section */
		5055F1221B727CC300C04520 /* Frameworks */ = {
			isa = PBXFrameworksBuildPhase;
			buildActionMask = 2147483647;
			files = (
			);
			runOnlyForDeploymentPostprocessing = 0;
		};
		5055F1371B727CC300C04520 /* Frameworks */ = {
			isa = PBXFrameworksBuildPhase;
			buildActionMask = 2147483647;
			files = (
			);
			runOnlyForDeploymentPostprocessing = 0;
		};
/* End PBXFrameworksBuildPhase section */

/* Begin PBXGroup section */
		5055F11C1B727CC300C04520 = {
			isa = PBXGroup;
			children = (
				5055F1271B727CC300C04520 /* FloatingMenu */,
				5055F13D1B727CC300C04520 /* FloatingMenuTests */,
				5055F1261B727CC300C04520 /* Products */,
			);
			sourceTree = "<group>";
		};
		5055F1261B727CC300C04520 /* Products */ = {
			isa = PBXGroup;
			children = (
				5055F1251B727CC300C04520 /* FloatingMenu.app */,
				5055F13A1B727CC300C04520 /* FloatingMenuTests.xctest */,
			);
			name = Products;
			sourceTree = "<group>";
		};
		5055F1271B727CC300C04520 /* FloatingMenu */ = {
			isa = PBXGroup;
			children = (
				5055F12A1B727CC300C04520 /* AppDelegate.swift */,
				5055F12C1B727CC300C04520 /* ViewController.swift */,
				5055F12E1B727CC300C04520 /* Main.storyboard */,
				5055F1311B727CC300C04520 /* Images.xcassets */,
				5055F1331B727CC300C04520 /* LaunchScreen.xib */,
				5055F1281B727CC300C04520 /* Supporting Files */,
				5055F14A1B727E0900C04520 /* FloatingButton.swift */,
				5055F14C1B727FBD00C04520 /* UIColor+Colors.swift */,
				5055F14E1B728E0D00C04520 /* FloatingMenuController.swift */,
				505F49721B74514B00FA113B /* ButtonPress.swift */,
			);
			path = FloatingMenu;
			sourceTree = "<group>";
		};
		5055F1281B727CC300C04520 /* Supporting Files */ = {
			isa = PBXGroup;
			children = (
				5055F1291B727CC300C04520 /* Info.plist */,
			);
			name = "Supporting Files";
			sourceTree = "<group>";
		};
		5055F13D1B727CC300C04520 /* FloatingMenuTests */ = {
			isa = PBXGroup;
			children = (
				5055F1401B727CC300C04520 /* FloatingMenuTests.swift */,
				5055F13E1B727CC300C04520 /* Supporting Files */,
			);
			path = FloatingMenuTests;
			sourceTree = "<group>";
		};
		5055F13E1B727CC300C04520 /* Supporting Files */ = {
			isa = PBXGroup;
			children = (
				5055F13F1B727CC300C04520 /* Info.plist */,
			);
			name = "Supporting Files";
			sourceTree = "<group>";
		};
/* End PBXGroup section */

/* Begin PBXNativeTarget section */
		5055F1241B727CC300C04520 /* FloatingMenu */ = {
			isa = PBXNativeTarget;
			buildConfigurationList = 5055F1441B727CC300C04520 /* Build configuration list for PBXNativeTarget "FloatingMenu" */;
			buildPhases = (
				5055F1211B727CC300C04520 /* Sources */,
				5055F1221B727CC300C04520 /* Frameworks */,
				5055F1231B727CC300C04520 /* Resources */,
			);
			buildRules = (
			);
			dependencies = (
			);
			name = FloatingMenu;
			productName = FloatingMenu;
			productReference = 5055F1251B727CC300C04520 /* FloatingMenu.app */;
			productType = "com.apple.product-type.application";
		};
		5055F1391B727CC300C04520 /* FloatingMenuTests */ = {
			isa = PBXNativeTarget;
			buildConfigurationList = 5055F1471B727CC300C04520 /* Build configuration list for PBXNativeTarget "FloatingMenuTests" */;
			buildPhases = (
				5055F1361B727CC300C04520 /* Sources */,
				5055F1371B727CC300C04520 /* Frameworks */,
				5055F1381B727CC300C04520 /* Resources */,
			);
			buildRules = (
			);
			dependencies = (
				5055F13C1B727CC300C04520 /* PBXTargetDependency */,
			);
			name = FloatingMenuTests;
			productName = FloatingMenuTests;
			productReference = 5055F13A1B727CC300C04520 /* FloatingMenuTests.xctest */;
			productType = "com.apple.product-type.bundle.unit-test";
		};
/* End PBXNativeTarget section */

/* Begin PBXProject section */
		5055F11D1B727CC300C04520 /* Project object */ = {
			isa = PBXProject;
			attributes = {
				LastUpgradeCheck = 0640;
				ORGANIZATIONNAME = ASolo;
				TargetAttributes = {
					5055F1241B727CC300C04520 = {
						CreatedOnToolsVersion = 6.4;
					};
					5055F1391B727CC300C04520 = {
						CreatedOnToolsVersion = 6.4;
						TestTargetID = 5055F1241B727CC300C04520;
					};
				};
			};
			buildConfigurationList = 5055F1201B727CC300C04520 /* Build configuration list for PBXProject "FloatingMenu" */;
			compatibilityVersion = "Xcode 3.2";
			developmentRegion = English;
			hasScannedForEncodings = 0;
			knownRegions = (
				en,
				Base,
			);
			mainGroup = 5055F11C1B727CC300C04520;
			productRefGroup = 5055F1261B727CC300C04520 /* Products */;
			projectDirPath = "";
			projectRoot = "";
			targets = (
				5055F1241B727CC300C04520 /* FloatingMenu */,
				5055F1391B727CC300C04520 /* FloatingMenuTests */,
			);
		};
/* End PBXProject section */

/* Begin PBXResourcesBuildPhase section */
		5055F1231B727CC300C04520 /* Resources */ = {
			isa = PBXResourcesBuildPhase;
			buildActionMask = 2147483647;
			files = (
				5055F1301B727CC300C04520 /* Main.storyboard in Resources */,
				5055F1351B727CC300C04520 /* LaunchScreen.xib in Resources */,
				5055F1321B727CC300C04520 /* Images.xcassets in Resources */,
			);
			runOnlyForDeploymentPostprocessing = 0;
		};
		5055F1381B727CC300C04520 /* Resources */ = {
			isa = PBXResourcesBuildPhase;
			buildActionMask = 2147483647;
			files = (
			);
			runOnlyForDeploymentPostprocessing = 0;
		};
/* End PBXResourcesBuildPhase section */

/* Begin PBXSourcesBuildPhase section */
		5055F1211B727CC300C04520 /* Sources */ = {
			isa = PBXSourcesBuildPhase;
			buildActionMask = 2147483647;
			files = (
				5055F12D1B727CC300C04520 /* ViewController.swift in Sources */,
				5055F14D1B727FBD00C04520 /* UIColor+Colors.swift in Sources */,
				5055F12B1B727CC300C04520 /* AppDelegate.swift in Sources */,
				505F49731B74514B00FA113B /* ButtonPress.swift in Sources */,
				5055F14F1B728E0D00C04520 /* FloatingMenuController.swift in Sources */,
				5055F14B1B727E0900C04520 /* FloatingButton.swift in Sources */,
			);
			runOnlyForDeploymentPostprocessing = 0;
		};
		5055F1361B727CC300C04520 /* Sources */ = {
			isa = PBXSourcesBuildPhase;
			buildActionMask = 2147483647;
			files = (
				5055F1411B727CC300C04520 /* FloatingMenuTests.swift in Sources */,
			);
			runOnlyForDeploymentPostprocessing = 0;
		};
/* End PBXSourcesBuildPhase section */

/* Begin PBXTargetDependency section */
		5055F13C1B727CC300C04520 /* PBXTargetDependency */ = {
			isa = PBXTargetDependency;
			target = 5055F1241B727CC300C04520 /* FloatingMenu */;
			targetProxy = 5055F13B1B727CC300C04520 /* PBXContainerItemProxy */;
		};
/* End PBXTargetDependency section */

/* Begin PBXVariantGroup section */
		5055F12E1B727CC300C04520 /* Main.storyboard */ = {
			isa = PBXVariantGroup;
			children = (
				5055F12F1B727CC300C04520 /* Base */,
			);
			name = Main.storyboard;
			sourceTree = "<group>";
		};
		5055F1331B727CC300C04520 /* LaunchScreen.xib */ = {
			isa = PBXVariantGroup;
			children = (
				5055F1341B727CC300C04520 /* Base */,
			);
			name = LaunchScreen.xib;
			sourceTree = "<group>";
		};
/* End PBXVariantGroup section */

/* Begin XCBuildConfiguration section */
		5055F1421B727CC300C04520 /* Debug */ = {
			isa = XCBuildConfiguration;
			buildSettings = {
				ALWAYS_SEARCH_USER_PATHS = NO;
				CLANG_CXX_LANGUAGE_STANDARD = "gnu++0x";
				CLANG_CXX_LIBRARY = "libc++";
				CLANG_ENABLE_MODULES = YES;
				CLANG_ENABLE_OBJC_ARC = YES;
				CLANG_WARN_BOOL_CONVERSION = YES;
				CLANG_WARN_CONSTANT_CONVERSION = YES;
				CLANG_WARN_DIRECT_OBJC_ISA_USAGE = YES_ERROR;
				CLANG_WARN_EMPTY_BODY = YES;
				CLANG_WARN_ENUM_CONVERSION = YES;
				CLANG_WARN_INT_CONVERSION = YES;
				CLANG_WARN_OBJC_ROOT_CLASS = YES_ERROR;
				CLANG_WARN_UNREACHABLE_CODE = YES;
				CLANG_WARN__DUPLICATE_METHOD_MATCH = YES;
				"CODE_SIGN_IDENTITY[sdk=iphoneos*]" = "iPhone Developer";
				COPY_PHASE_STRIP = NO;
				DEBUG_INFORMATION_FORMAT = "dwarf-with-dsym";
				ENABLE_STRICT_OBJC_MSGSEND = YES;
				GCC_C_LANGUAGE_STANDARD = gnu99;
				GCC_DYNAMIC_NO_PIC = NO;
				GCC_NO_COMMON_BLOCKS = YES;
				GCC_OPTIMIZATION_LEVEL = 0;
				GCC_PREPROCESSOR_DEFINITIONS = (
					"DEBUG=1",
					"$(inherited)",
				);
				GCC_SYMBOLS_PRIVATE_EXTERN = NO;
				GCC_WARN_64_TO_32_BIT_CONVERSION = YES;
				GCC_WARN_ABOUT_RETURN_TYPE = YES_ERROR;
				GCC_WARN_UNDECLARED_SELECTOR = YES;
				GCC_WARN_UNINITIALIZED_AUTOS = YES_AGGRESSIVE;
				GCC_WARN_UNUSED_FUNCTION = YES;
				GCC_WARN_UNUSED_VARIABLE = YES;
				IPHONEOS_DEPLOYMENT_TARGET = 8.4;
				MTL_ENABLE_DEBUG_INFO = YES;
				ONLY_ACTIVE_ARCH = YES;
				SDKROOT = iphoneos;
				SWIFT_OPTIMIZATION_LEVEL = "-Onone";
			};
			name = Debug;
		};
		5055F1431B727CC300C04520 /* Release */ = {
			isa = XCBuildConfiguration;
			buildSettings = {
				ALWAYS_SEARCH_USER_PATHS = NO;
				CLANG_CXX_LANGUAGE_STANDARD = "gnu++0x";
				CLANG_CXX_LIBRARY = "libc++";
				CLANG_ENABLE_MODULES = YES;
				CLANG_ENABLE_OBJC_ARC = YES;
				CLANG_WARN_BOOL_CONVERSION = YES;
				CLANG_WARN_CONSTANT_CONVERSION = YES;
				CLANG_WARN_DIRECT_OBJC_ISA_USAGE = YES_ERROR;
				CLANG_WARN_EMPTY_BODY = YES;
				CLANG_WARN_ENUM_CONVERSION = YES;
				CLANG_WARN_INT_CONVERSION = YES;
				CLANG_WARN_OBJC_ROOT_CLASS = YES_ERROR;
				CLANG_WARN_UNREACHABLE_CODE = YES;
				CLANG_WARN__DUPLICATE_METHOD_MATCH = YES;
				"CODE_SIGN_IDENTITY[sdk=iphoneos*]" = "iPhone Developer";
				COPY_PHASE_STRIP = NO;
				DEBUG_INFORMATION_FORMAT = "dwarf-with-dsym";
				ENABLE_NS_ASSERTIONS = NO;
				ENABLE_STRICT_OBJC_MSGSEND = YES;
				GCC_C_LANGUAGE_STANDARD = gnu99;
				GCC_NO_COMMON_BLOCKS = YES;
				GCC_WARN_64_TO_32_BIT_CONVERSION = YES;
				GCC_WARN_ABOUT_RETURN_TYPE = YES_ERROR;
				GCC_WARN_UNDECLARED_SELECTOR = YES;
				GCC_WARN_UNINITIALIZED_AUTOS = YES_AGGRESSIVE;
				GCC_WARN_UNUSED_FUNCTION = YES;
				GCC_WARN_UNUSED_VARIABLE = YES;
				IPHONEOS_DEPLOYMENT_TARGET = 8.4;
				MTL_ENABLE_DEBUG_INFO = NO;
				SDKROOT = iphoneos;
				VALIDATE_PRODUCT = YES;
			};
			name = Release;
		};
		5055F1451B727CC300C04520 /* Debug */ = {
			isa = XCBuildConfiguration;
			buildSettings = {
				ASSETCATALOG_COMPILER_APPICON_NAME = AppIcon;
				INFOPLIST_FILE = FloatingMenu/Info.plist;
				LD_RUNPATH_SEARCH_PATHS = "$(inherited) @executable_path/Frameworks";
				PRODUCT_NAME = "$(TARGET_NAME)";
			};
			name = Debug;
		};
		5055F1461B727CC300C04520 /* Release */ = {
			isa = XCBuildConfiguration;
			buildSettings = {
				ASSETCATALOG_COMPILER_APPICON_NAME = AppIcon;
				INFOPLIST_FILE = FloatingMenu/Info.plist;
				LD_RUNPATH_SEARCH_PATHS = "$(inherited) @executable_path/Frameworks";
				PRODUCT_NAME = "$(TARGET_NAME)";
			};
			name = Release;
		};
		5055F1481B727CC300C04520 /* Debug */ = {
			isa = XCBuildConfiguration;
			buildSettings = {
				BUNDLE_LOADER = "$(TEST_HOST)";
				FRAMEWORK_SEARCH_PATHS = (
					"$(SDKROOT)/Developer/Library/Frameworks",
					"$(inherited)",
				);
				GCC_PREPROCESSOR_DEFINITIONS = (
					"DEBUG=1",
					"$(inherited)",
				);
				INFOPLIST_FILE = FloatingMenuTests/Info.plist;
				LD_RUNPATH_SEARCH_PATHS = "$(inherited) @executable_path/Frameworks @loader_path/Frameworks";
				PRODUCT_NAME = "$(TARGET_NAME)";
				TEST_HOST = "$(BUILT_PRODUCTS_DIR)/FloatingMenu.app/FloatingMenu";
			};
			name = Debug;
		};
		5055F1491B727CC300C04520 /* Release */ = {
			isa = XCBuildConfiguration;
			buildSettings = {
				BUNDLE_LOADER = "$(TEST_HOST)";
				FRAMEWORK_SEARCH_PATHS = (
					"$(SDKROOT)/Developer/Library/Frameworks",
					"$(inherited)",
				);
				INFOPLIST_FILE = FloatingMenuTests/Info.plist;
				LD_RUNPATH_SEARCH_PATHS = "$(inherited) @executable_path/Frameworks @loader_path/Frameworks";
				PRODUCT_NAME = "$(TARGET_NAME)";
				TEST_HOST = "$(BUILT_PRODUCTS_DIR)/FloatingMenu.app/FloatingMenu";
			};
			name = Release;
		};
/* End XCBuildConfiguration section */

/* Begin XCConfigurationList section */
		5055F1201B727CC300C04520 /* Build configuration list for PBXProject "FloatingMenu" */ = {
			isa = XCConfigurationList;
			buildConfigurations = (
				5055F1421B727CC300C04520 /* Debug */,
				5055F1431B727CC300C04520 /* Release */,
			);
			defaultConfigurationIsVisible = 0;
			defaultConfigurationName = Release;
		};
		5055F1441B727CC300C04520 /* Build configuration list for PBXNativeTarget "FloatingMenu" */ = {
			isa = XCConfigurationList;
			buildConfigurations = (
				5055F1451B727CC300C04520 /* Debug */,
				5055F1461B727CC300C04520 /* Release */,
			);
			defaultConfigurationIsVisible = 0;
			defaultConfigurationName = Release;
		};
		5055F1471B727CC300C04520 /* Build configuration list for PBXNativeTarget "FloatingMenuTests" */ = {
			isa = XCConfigurationList;
			buildConfigurations = (
				5055F1481B727CC300C04520 /* Debug */,
				5055F1491B727CC300C04520 /* Release */,
			);
			defaultConfigurationIsVisible = 0;
			defaultConfigurationName = Release;
		};
/* End XCConfigurationList section */
	};
	rootObject = 5055F11D1B727CC300C04520 /* Project object */;
}
